// !$*UTF8*$!
{
	archiveVersion = 1;
	classes = {
	};
	objectVersion = 46;
	objects = {

/* Begin PBXBuildFile section */
		17772D2D199862340067B35E /* Foundation.framework in Frameworks */ = {isa = PBXBuildFile; fileRef = 17772D2C199862340067B35E /* Foundation.framework */; };
		17772D2F199862340067B35E /* CoreGraphics.framework in Frameworks */ = {isa = PBXBuildFile; fileRef = 17772D2E199862340067B35E /* CoreGraphics.framework */; };
		17772D31199862340067B35E /* UIKit.framework in Frameworks */ = {isa = PBXBuildFile; fileRef = 17772D30199862340067B35E /* UIKit.framework */; };
		17772D37199862340067B35E /* InfoPlist.strings in Resources */ = {isa = PBXBuildFile; fileRef = 17772D35199862340067B35E /* InfoPlist.strings */; };
		17772D39199862340067B35E /* main.m in Sources */ = {isa = PBXBuildFile; fileRef = 17772D38199862340067B35E /* main.m */; };
		17772D3D199862340067B35E /* AppDelegate.m in Sources */ = {isa = PBXBuildFile; fileRef = 17772D3C199862340067B35E /* AppDelegate.m */; };
		17772D3F199862340067B35E /* Images.xcassets in Resources */ = {isa = PBXBuildFile; fileRef = 17772D3E199862340067B35E /* Images.xcassets */; };
		17772D46199862340067B35E /* XCTest.framework in Frameworks */ = {isa = PBXBuildFile; fileRef = 17772D45199862340067B35E /* XCTest.framework */; };
		17772D47199862340067B35E /* Foundation.framework in Frameworks */ = {isa = PBXBuildFile; fileRef = 17772D2C199862340067B35E /* Foundation.framework */; };
		17772D48199862340067B35E /* UIKit.framework in Frameworks */ = {isa = PBXBuildFile; fileRef = 17772D30199862340067B35E /* UIKit.framework */; };
		17772D50199862340067B35E /* InfoPlist.strings in Resources */ = {isa = PBXBuildFile; fileRef = 17772D4E199862340067B35E /* InfoPlist.strings */; };
		17772D52199862340067B35E /* SLTTests.m in Sources */ = {isa = PBXBuildFile; fileRef = 17772D51199862340067B35E /* SLTTests.m */; };
/* End PBXBuildFile section */

/* Begin PBXContainerItemProxy section */
		17772D49199862340067B35E /* PBXContainerItemProxy */ = {
			isa = PBXContainerItemProxy;
			containerPortal = 17772D21199862340067B35E /* Project object */;
			proxyType = 1;
			remoteGlobalIDString = 17772D28199862340067B35E;
			remoteInfo = SLT;
		};
/* End PBXContainerItemProxy section */

/* Begin PBXFileReference section */
		17772D29199862340067B35E /* SLT.app */ = {isa = PBXFileReference; explicitFileType = wrapper.application; includeInIndex = 0; path = SLT.app; sourceTree = BUILT_PRODUCTS_DIR; };
		17772D2C199862340067B35E /* Foundation.framework */ = {isa = PBXFileReference; lastKnownFileType = wrapper.framework; name = Foundation.framework; path = System/Library/Frameworks/Foundation.framework; sourceTree = SDKROOT; };
		17772D2E199862340067B35E /* CoreGraphics.framework */ = {isa = PBXFileReference; lastKnownFileType = wrapper.framework; name = CoreGraphics.framework; path = System/Library/Frameworks/CoreGraphics.framework; sourceTree = SDKROOT; };
		17772D30199862340067B35E /* UIKit.framework */ = {isa = PBXFileReference; lastKnownFileType = wrapper.framework; name = UIKit.framework; path = System/Library/Frameworks/UIKit.framework; sourceTree = SDKROOT; };
		17772D34199862340067B35E /* SLT-Info.plist */ = {isa = PBXFileReference; lastKnownFileType = text.plist.xml; path = "SLT-Info.plist"; sourceTree = "<group>"; };
		17772D36199862340067B35E /* en */ = {isa = PBXFileReference; lastKnownFileType = text.plist.strings; name = en; path = en.lproj/InfoPlist.strings; sourceTree = "<group>"; };
		17772D38199862340067B35E /* main.m */ = {isa = PBXFileReference; lastKnownFileType = sourcecode.c.objc; path = main.m; sourceTree = "<group>"; };
		17772D3A199862340067B35E /* SLT-Prefix.pch */ = {isa = PBXFileReference; lastKnownFileType = sourcecode.c.h; path = "SLT-Prefix.pch"; sourceTree = "<group>"; };
		17772D3B199862340067B35E /* AppDelegate.h */ = {isa = PBXFileReference; lastKnownFileType = sourcecode.c.h; path = AppDelegate.h; sourceTree = "<group>"; };
		17772D3C199862340067B35E /* AppDelegate.m */ = {isa = PBXFileReference; lastKnownFileType = sourcecode.c.objc; path = AppDelegate.m; sourceTree = "<group>"; };
		17772D3E199862340067B35E /* Images.xcassets */ = {isa = PBXFileReference; lastKnownFileType = folder.assetcatalog; path = Images.xcassets; sourceTree = "<group>"; };
		17772D44199862340067B35E /* SLTTests.xctest */ = {isa = PBXFileReference; explicitFileType = wrapper.cfbundle; includeInIndex = 0; path = SLTTests.xctest; sourceTree = BUILT_PRODUCTS_DIR; };
		17772D45199862340067B35E /* XCTest.framework */ = {isa = PBXFileReference; lastKnownFileType = wrapper.framework; name = XCTest.framework; path = Library/Frameworks/XCTest.framework; sourceTree = DEVELOPER_DIR; };
		17772D4D199862340067B35E /* SLTTests-Info.plist */ = {isa = PBXFileReference; lastKnownFileType = text.plist.xml; path = "SLTTests-Info.plist"; sourceTree = "<group>"; };
		17772D4F199862340067B35E /* en */ = {isa = PBXFileReference; lastKnownFileType = text.plist.strings; name = en; path = en.lproj/InfoPlist.strings; sourceTree = "<group>"; };
		17772D51199862340067B35E /* SLTTests.m */ = {isa = PBXFileReference; lastKnownFileType = sourcecode.c.objc; path = SLTTests.m; sourceTree = "<group>"; };
/* End PBXFileReference section */

/* Begin PBXFrameworksBuildPhase section */
		17772D26199862340067B35E /* Frameworks */ = {
			isa = PBXFrameworksBuildPhase;
			buildActionMask = 2147483647;
			files = (
				17772D2F199862340067B35E /* CoreGraphics.framework in Frameworks */,
				17772D31199862340067B35E /* UIKit.framework in Frameworks */,
				17772D2D199862340067B35E /* Foundation.framework in Frameworks */,
			);
			runOnlyForDeploymentPostprocessing = 0;
		};
		17772D41199862340067B35E /* Frameworks */ = {
			isa = PBXFrameworksBuildPhase;
			buildActionMask = 2147483647;
			files = (
				17772D46199862340067B35E /* XCTest.framework in Frameworks */,
				17772D48199862340067B35E /* UIKit.framework in Frameworks */,
				17772D47199862340067B35E /* Foundation.framework in Frameworks */,
			);
			runOnlyForDeploymentPostprocessing = 0;
		};
/* End PBXFrameworksBuildPhase section */

/* Begin PBXGroup section */
		17772D20199862340067B35E = {
			isa = PBXGroup;
			children = (
				17772D32199862340067B35E /* SLT */,
				17772D4B199862340067B35E /* SLTTests */,
				17772D2B199862340067B35E /* Frameworks */,
				17772D2A199862340067B35E /* Products */,
			);
			sourceTree = "<group>";
		};
		17772D2A199862340067B35E /* Products */ = {
			isa = PBXGroup;
			children = (
				17772D29199862340067B35E /* SLT.app */,
				17772D44199862340067B35E /* SLTTests.xctest */,
			);
			name = Products;
			sourceTree = "<group>";
		};
		17772D2B199862340067B35E /* Frameworks */ = {
			isa = PBXGroup;
			children = (
				17772D2C199862340067B35E /* Foundation.framework */,
				17772D2E199862340067B35E /* CoreGraphics.framework */,
				17772D30199862340067B35E /* UIKit.framework */,
				17772D45199862340067B35E /* XCTest.framework */,
			);
			name = Frameworks;
			sourceTree = "<group>";
		};
		17772D32199862340067B35E /* SLT */ = {
			isa = PBXGroup;
			children = (
				17772D3B199862340067B35E /* AppDelegate.h */,
				17772D3C199862340067B35E /* AppDelegate.m */,
				17772D3E199862340067B35E /* Images.xcassets */,
				17772D33199862340067B35E /* Supporting Files */,
			);
			path = SLT;
			sourceTree = "<group>";
		};
		17772D33199862340067B35E /* Supporting Files */ = {
			isa = PBXGroup;
			children = (
				17772D34199862340067B35E /* SLT-Info.plist */,
				17772D35199862340067B35E /* InfoPlist.strings */,
				17772D38199862340067B35E /* main.m */,
				17772D3A199862340067B35E /* SLT-Prefix.pch */,
			);
			name = "Supporting Files";
			sourceTree = "<group>";
		};
		17772D4B199862340067B35E /* SLTTests */ = {
			isa = PBXGroup;
			children = (
				17772D51199862340067B35E /* SLTTests.m */,
				17772D4C199862340067B35E /* Supporting Files */,
			);
			path = SLTTests;
			sourceTree = "<group>";
		};
		17772D4C199862340067B35E /* Supporting Files */ = {
			isa = PBXGroup;
			children = (
				17772D4D199862340067B35E /* SLTTests-Info.plist */,
				17772D4E199862340067B35E /* InfoPlist.strings */,
			);
			name = "Supporting Files";
			sourceTree = "<group>";
		};
/* End PBXGroup section */

/* Begin PBXNativeTarget section */
		17772D28199862340067B35E /* SLT */ = {
			isa = PBXNativeTarget;
			buildConfigurationList = 17772D55199862340067B35E /* Build configuration list for PBXNativeTarget "SLT" */;
			buildPhases = (
				17772D25199862340067B35E /* Sources */,
				17772D26199862340067B35E /* Frameworks */,
				17772D27199862340067B35E /* Resources */,
			);
			buildRules = (
			);
			dependencies = (
			);
			name = SLT;
			productName = SLT;
			productReference = 17772D29199862340067B35E /* SLT.app */;
			productType = "com.apple.product-type.application";
		};
		17772D43199862340067B35E /* SLTTests */ = {
			isa = PBXNativeTarget;
			buildConfigurationList = 17772D58199862340067B35E /* Build configuration list for PBXNativeTarget "SLTTests" */;
			buildPhases = (
				17772D40199862340067B35E /* Sources */,
				17772D41199862340067B35E /* Frameworks */,
				17772D42199862340067B35E /* Resources */,
			);
			buildRules = (
			);
			dependencies = (
				17772D4A199862340067B35E /* PBXTargetDependency */,
			);
			name = SLTTests;
			productName = SLTTests;
			productReference = 17772D44199862340067B35E /* SLTTests.xctest */;
			productType = "com.apple.product-type.bundle.unit-test";
		};
/* End PBXNativeTarget section */

/* Begin PBXProject section */
		17772D21199862340067B35E /* Project object */ = {
			isa = PBXProject;
			attributes = {
				LastUpgradeCheck = 0510;
				ORGANIZATIONNAME = com.ccwl;
				TargetAttributes = {
					17772D43199862340067B35E = {
						TestTargetID = 17772D28199862340067B35E;
					};
				};
			};
			buildConfigurationList = 17772D24199862340067B35E /* Build configuration list for PBXProject "SLT" */;
			compatibilityVersion = "Xcode 3.2";
			developmentRegion = English;
			hasScannedForEncodings = 0;
			knownRegions = (
				en,
			);
			mainGroup = 17772D20199862340067B35E;
			productRefGroup = 17772D2A199862340067B35E /* Products */;
			projectDirPath = "";
			projectRoot = "";
			targets = (
				17772D28199862340067B35E /* SLT */,
				17772D43199862340067B35E /* SLTTests */,
			);
		};
/* End PBXProject section */

/* Begin PBXResourcesBuildPhase section */
		17772D27199862340067B35E /* Resources */ = {
			isa = PBXResourcesBuildPhase;
			buildActionMask = 2147483647;
			files = (
				17772D37199862340067B35E /* InfoPlist.strings in Resources */,
				17772D3F199862340067B35E /* Images.xcassets in Resources */,
			);
			runOnlyForDeploymentPostprocessing = 0;
		};
		17772D42199862340067B35E /* Resources */ = {
			isa = PBXResourcesBuildPhase;
			buildActionMask = 2147483647;
			files = (
				17772D50199862340067B35E /* InfoPlist.strings in Resources */,
			);
			runOnlyForDeploymentPostprocessing = 0;
		};
/* End PBXResourcesBuildPhase section */

/* Begin PBXSourcesBuildPhase section */
		17772D25199862340067B35E /* Sources */ = {
			isa = PBXSourcesBuildPhase;
			buildActionMask = 2147483647;
			files = (
				17772D3D199862340067B35E /* AppDelegate.m in Sources */,
				17772D39199862340067B35E /* main.m in Sources */,
			);
			runOnlyForDeploymentPostprocessing = 0;
		};
		17772D40199862340067B35E /* Sources */ = {
			isa = PBXSourcesBuildPhase;
			buildActionMask = 2147483647;
			files = (
				17772D52199862340067B35E /* SLTTests.m in Sources */,
			);
			runOnlyForDeploymentPostprocessing = 0;
		};
/* End PBXSourcesBuildPhase section */

/* Begin PBXTargetDependency section */
		17772D4A199862340067B35E /* PBXTargetDependency */ = {
			isa = PBXTargetDependency;
			target = 17772D28199862340067B35E /* SLT */;
			targetProxy = 17772D49199862340067B35E /* PBXContainerItemProxy */;
		};
/* End PBXTargetDependency section */

/* Begin PBXVariantGroup section */
		17772D35199862340067B35E /* InfoPlist.strings */ = {
			isa = PBXVariantGroup;
			children = (
				17772D36199862340067B35E /* en */,
			);
			name = InfoPlist.strings;
			sourceTree = "<group>";
		};
		17772D4E199862340067B35E /* InfoPlist.strings */ = {
			isa = PBXVariantGroup;
			children = (
				17772D4F199862340067B35E /* en */,
			);
			name = InfoPlist.strings;
			sourceTree = "<group>";
		};
/* End PBXVariantGroup section */

/* Begin XCBuildConfiguration section */
		17772D53199862340067B35E /* Debug */ = {
			isa = XCBuildConfiguration;
			buildSettings = {
				ALWAYS_SEARCH_USER_PATHS = NO;
				CLANG_CXX_LANGUAGE_STANDARD = "gnu++0x";
				CLANG_CXX_LIBRARY = "libc++";
				CLANG_ENABLE_MODULES = YES;
				CLANG_ENABLE_OBJC_ARC = YES;
				CLANG_WARN_BOOL_CONVERSION = YES;
				CLANG_WARN_CONSTANT_CONVERSION = YES;
				CLANG_WARN_DIRECT_OBJC_ISA_USAGE = YES_ERROR;
				CLANG_WARN_EMPTY_BODY = YES;
				CLANG_WARN_ENUM_CONVERSION = YES;
				CLANG_WARN_INT_CONVERSION = YES;
				CLANG_WARN_OBJC_ROOT_CLASS = YES_ERROR;
				CLANG_WARN__DUPLICATE_METHOD_MATCH = YES;
				"CODE_SIGN_IDENTITY[sdk=iphoneos*]" = "iPhone Developer";
				COPY_PHASE_STRIP = NO;
				GCC_C_LANGUAGE_STANDARD = gnu99;
				GCC_DYNAMIC_NO_PIC = NO;
				GCC_OPTIMIZATION_LEVEL = 0;
				GCC_PREPROCESSOR_DEFINITIONS = (
					"DEBUG=1",
					"$(inherited)",
				);
				GCC_SYMBOLS_PRIVATE_EXTERN = NO;
				GCC_WARN_64_TO_32_BIT_CONVERSION = YES;
				GCC_WARN_ABOUT_RETURN_TYPE = YES_ERROR;
				GCC_WARN_UNDECLARED_SELECTOR = YES;
				GCC_WARN_UNINITIALIZED_AUTOS = YES_AGGRESSIVE;
				GCC_WARN_UNUSED_FUNCTION = YES;
				GCC_WARN_UNUSED_VARIABLE = YES;
				IPHONEOS_DEPLOYMENT_TARGET = 7.1;
				ONLY_ACTIVE_ARCH = YES;
				SDKROOT = iphoneos;
			};
			name = Debug;
		};
		17772D54199862340067B35E /* Release */ = {
			isa = XCBuildConfiguration;
			buildSettings = {
				ALWAYS_SEARCH_USER_PATHS = NO;
				CLANG_CXX_LANGUAGE_STANDARD = "gnu++0x";
				CLANG_CXX_LIBRARY = "libc++";
				CLANG_ENABLE_MODULES = YES;
				CLANG_ENABLE_OBJC_ARC = YES;
				CLANG_WARN_BOOL_CONVERSION = YES;
				CLANG_WARN_CONSTANT_CONVERSION = YES;
				CLANG_WARN_DIRECT_OBJC_ISA_USAGE = YES_ERROR;
				CLANG_WARN_EMPTY_BODY = YES;
				CLANG_WARN_ENUM_CONVERSION = YES;
				CLANG_WARN_INT_CONVERSION = YES;
				CLANG_WARN_OBJC_ROOT_CLASS = YES_ERROR;
				CLANG_WARN__DUPLICATE_METHOD_MATCH = YES;
				"CODE_SIGN_IDENTITY[sdk=iphoneos*]" = "iPhone Developer";
				COPY_PHASE_STRIP = YES;
				ENABLE_NS_ASSERTIONS = NO;
				GCC_C_LANGUAGE_STANDARD = gnu99;
				GCC_WARN_64_TO_32_BIT_CONVERSION = YES;
				GCC_WARN_ABOUT_RETURN_TYPE = YES_ERROR;
				GCC_WARN_UNDECLARED_SELECTOR = YES;
				GCC_WARN_UNINITIALIZED_AUTOS = YES_AGGRESSIVE;
				GCC_WARN_UNUSED_FUNCTION = YES;
				GCC_WARN_UNUSED_VARIABLE = YES;
				IPHONEOS_DEPLOYMENT_TARGET = 7.1;
				SDKROOT = iphoneos;
				VALIDATE_PRODUCT = YES;
			};
			name = Release;
		};
		17772D56199862340067B35E /* Debug */ = {
			isa = XCBuildConfiguration;
			buildSettings = {
				ASSETCATALOG_COMPILER_APPICON_NAME = AppIcon;
				ASSETCATALOG_COMPILER_LAUNCHIMAGE_NAME = LaunchImage;
				GCC_PRECOMPILE_PREFIX_HEADER = YES;
				GCC_PREFIX_HEADER = "SLT/SLT-Prefix.pch";
				INFOPLIST_FILE = "SLT/SLT-Info.plist";
				PRODUCT_NAME = "$(TARGET_NAME)";
				WRAPPER_EXTENSION = app;
			};
			name = Debug;
		};
		17772D57199862340067B35E /* Release */ = {
			isa = XCBuildConfiguration;
			buildSettings = {
				ASSETCATALOG_COMPILER_APPICON_NAME = AppIcon;
				ASSETCATALOG_COMPILER_LAUNCHIMAGE_NAME = LaunchImage;
				GCC_PRECOMPILE_PREFIX_HEADER = YES;
				GCC_PREFIX_HEADER = "SLT/SLT-Prefix.pch";
				INFOPLIST_FILE = "SLT/SLT-Info.plist";
				PRODUCT_NAME = "$(TARGET_NAME)";
				WRAPPER_EXTENSION = app;
			};
			name = Release;
		};
		17772D59199862340067B35E /* Debug */ = {
			isa = XCBuildConfiguration;
			buildSettings = {
				BUNDLE_LOADER = "$(BUILT_PRODUCTS_DIR)/SLT.app/SLT";
				FRAMEWORK_SEARCH_PATHS = (
					"$(SDKROOT)/Developer/Library/Frameworks",
					"$(inherited)",
					"$(DEVELOPER_FRAMEWORKS_DIR)",
				);
				GCC_PRECOMPILE_PREFIX_HEADER = YES;
				GCC_PREFIX_HEADER = "SLT/SLT-Prefix.pch";
				GCC_PREPROCESSOR_DEFINITIONS = (
					"DEBUG=1",
					"$(inherited)",
				);
				INFOPLIST_FILE = "SLTTests/SLTTests-Info.plist";
				PRODUCT_NAME = "$(TARGET_NAME)";
				TEST_HOST = "$(BUNDLE_LOADER)";
				WRAPPER_EXTENSION = xctest;
			};
			name = Debug;
		};
		17772D5A199862340067B35E /* Release */ = {
			isa = XCBuildConfiguration;
			buildSettings = {
				BUNDLE_LOADER = "$(BUILT_PRODUCTS_DIR)/SLT.app/SLT";
				FRAMEWORK_SEARCH_PATHS = (
					"$(SDKROOT)/Developer/Library/Frameworks",
					"$(inherited)",
					"$(DEVELOPER_FRAMEWORKS_DIR)",
				);
				GCC_PRECOMPILE_PREFIX_HEADER = YES;
				GCC_PREFIX_HEADER = "SLT/SLT-Prefix.pch";
				INFOPLIST_FILE = "SLTTests/SLTTests-Info.plist";
				PRODUCT_NAME = "$(TARGET_NAME)";
				TEST_HOST = "$(BUNDLE_LOADER)";
				WRAPPER_EXTENSION = xctest;
			};
			name = Release;
		};
/* End XCBuildConfiguration section */

/* Begin XCConfigurationList section */
		17772D24199862340067B35E /* Build configuration list for PBXProject "SLT" */ = {
			isa = XCConfigurationList;
			buildConfigurations = (
				17772D53199862340067B35E /* Debug */,
				17772D54199862340067B35E /* Release */,
			);
			defaultConfigurationIsVisible = 0;
			defaultConfigurationName = Release;
		};
		17772D55199862340067B35E /* Build configuration list for PBXNativeTarget "SLT" */ = {
			isa = XCConfigurationList;
			buildConfigurations = (
				17772D56199862340067B35E /* Debug */,
				17772D57199862340067B35E /* Release */,
			);
			defaultConfigurationIsVisible = 0;
		};
		17772D58199862340067B35E /* Build configuration list for PBXNativeTarget "SLTTests" */ = {
			isa = XCConfigurationList;
			buildConfigurations = (
				17772D59199862340067B35E /* Debug */,
				17772D5A199862340067B35E /* Release */,
			);
			defaultConfigurationIsVisible = 0;
		};
/* End XCConfigurationList section */
	};
	rootObject = 17772D21199862340067B35E /* Project object */;
}
